// !$*UTF8*$!
{
	archiveVersion = 1;
	classes = {
	};
	objectVersion = 46;
	objects = {

/* Begin PBXBuildFile section */
		654017081AA29C9700182145 /* SEGaugeView.m in Sources */ = {isa = PBXBuildFile; fileRef = 654017071AA29C9700182145 /* SEGaugeView.m */; };
		6540170B1AA29EB700182145 /* SEGaugeCircleView.m in Sources */ = {isa = PBXBuildFile; fileRef = 6540170A1AA29EB700182145 /* SEGaugeCircleView.m */; };
		654E90251A9D1ABA00547288 /* SESegment.m in Sources */ = {isa = PBXBuildFile; fileRef = 654E90241A9D1ABA00547288 /* SESegment.m */; };
		654E90281A9E0C2B00547288 /* SENeedleView.m in Sources */ = {isa = PBXBuildFile; fileRef = 654E90271A9E0C2B00547288 /* SENeedleView.m */; };
		654E902B1A9E2D7900547288 /* SEGaugeViewController.m in Sources */ = {isa = PBXBuildFile; fileRef = 654E902A1A9E2D7900547288 /* SEGaugeViewController.m */; };
		658B8C611A8D7CAC002E2179 /* main.m in Sources */ = {isa = PBXBuildFile; fileRef = 658B8C601A8D7CAC002E2179 /* main.m */; };
		658B8C641A8D7CAC002E2179 /* AppDelegate.m in Sources */ = {isa = PBXBuildFile; fileRef = 658B8C631A8D7CAC002E2179 /* AppDelegate.m */; };
		658B8C671A8D7CAC002E2179 /* SignalEaze.xcdatamodeld in Sources */ = {isa = PBXBuildFile; fileRef = 658B8C651A8D7CAC002E2179 /* SignalEaze.xcdatamodeld */; };
		658B8C6A1A8D7CAC002E2179 /* ViewController.m in Sources */ = {isa = PBXBuildFile; fileRef = 658B8C691A8D7CAC002E2179 /* ViewController.m */; };
		658B8C6D1A8D7CAC002E2179 /* Main.storyboard in Resources */ = {isa = PBXBuildFile; fileRef = 658B8C6B1A8D7CAC002E2179 /* Main.storyboard */; };
		658B8C6F1A8D7CAC002E2179 /* Images.xcassets in Resources */ = {isa = PBXBuildFile; fileRef = 658B8C6E1A8D7CAC002E2179 /* Images.xcassets */; };
		658B8C721A8D7CAC002E2179 /* LaunchScreen.xib in Resources */ = {isa = PBXBuildFile; fileRef = 658B8C701A8D7CAC002E2179 /* LaunchScreen.xib */; };
		658B8C7E1A8D7CAC002E2179 /* SignalEazeTests.m in Sources */ = {isa = PBXBuildFile; fileRef = 658B8C7D1A8D7CAC002E2179 /* SignalEazeTests.m */; };
		658B8C891A8D7D8B002E2179 /* SEGaugeCurveView.m in Sources */ = {isa = PBXBuildFile; fileRef = 658B8C881A8D7D8B002E2179 /* SEGaugeCurveView.m */; };
		65B3EE9A1AA26F4700C9E159 /* MainViewController.m in Sources */ = {isa = PBXBuildFile; fileRef = 65B3EE991AA26F4700C9E159 /* MainViewController.m */; };
		65B3EE9E1AA2702B00C9E159 /* GaugeValues.plist in Resources */ = {isa = PBXBuildFile; fileRef = 65B3EE9D1AA2702B00C9E159 /* GaugeValues.plist */; };
		65D3970F1A8FA3A000F9C708 /* TickMarkView.m in Sources */ = {isa = PBXBuildFile; fileRef = 65D3970E1A8FA3A000F9C708 /* TickMarkView.m */; };
/* End PBXBuildFile section */

/* Begin PBXContainerItemProxy section */
		658B8C781A8D7CAC002E2179 /* PBXContainerItemProxy */ = {
			isa = PBXContainerItemProxy;
			containerPortal = 658B8C531A8D7CAC002E2179 /* Project object */;
			proxyType = 1;
			remoteGlobalIDString = 658B8C5A1A8D7CAC002E2179;
			remoteInfo = SignalEaze;
		};
/* End PBXContainerItemProxy section */

/* Begin PBXFileReference section */
		654017061AA29C9700182145 /* SEGaugeView.h */ = {isa = PBXFileReference; fileEncoding = 4; lastKnownFileType = sourcecode.c.h; path = SEGaugeView.h; sourceTree = "<group>"; };
		654017071AA29C9700182145 /* SEGaugeView.m */ = {isa = PBXFileReference; fileEncoding = 4; lastKnownFileType = sourcecode.c.objc; path = SEGaugeView.m; sourceTree = "<group>"; };
		654017091AA29EB700182145 /* SEGaugeCircleView.h */ = {isa = PBXFileReference; fileEncoding = 4; lastKnownFileType = sourcecode.c.h; path = SEGaugeCircleView.h; sourceTree = "<group>"; };
		6540170A1AA29EB700182145 /* SEGaugeCircleView.m */ = {isa = PBXFileReference; fileEncoding = 4; lastKnownFileType = sourcecode.c.objc; path = SEGaugeCircleView.m; sourceTree = "<group>"; };
		654E90231A9D1ABA00547288 /* SESegment.h */ = {isa = PBXFileReference; fileEncoding = 4; lastKnownFileType = sourcecode.c.h; path = SESegment.h; sourceTree = "<group>"; };
		654E90241A9D1ABA00547288 /* SESegment.m */ = {isa = PBXFileReference; fileEncoding = 4; lastKnownFileType = sourcecode.c.objc; path = SESegment.m; sourceTree = "<group>"; };
		654E90261A9E0C2B00547288 /* SENeedleView.h */ = {isa = PBXFileReference; fileEncoding = 4; lastKnownFileType = sourcecode.c.h; path = SENeedleView.h; sourceTree = "<group>"; };
		654E90271A9E0C2B00547288 /* SENeedleView.m */ = {isa = PBXFileReference; fileEncoding = 4; lastKnownFileType = sourcecode.c.objc; path = SENeedleView.m; sourceTree = "<group>"; };
		654E90291A9E2D7900547288 /* SEGaugeViewController.h */ = {isa = PBXFileReference; fileEncoding = 4; lastKnownFileType = sourcecode.c.h; path = SEGaugeViewController.h; sourceTree = "<group>"; };
		654E902A1A9E2D7900547288 /* SEGaugeViewController.m */ = {isa = PBXFileReference; fileEncoding = 4; lastKnownFileType = sourcecode.c.objc; path = SEGaugeViewController.m; sourceTree = "<group>"; };
		658B8C5B1A8D7CAC002E2179 /* SignalEaze.app */ = {isa = PBXFileReference; explicitFileType = wrapper.application; includeInIndex = 0; path = SignalEaze.app; sourceTree = BUILT_PRODUCTS_DIR; };
		658B8C5F1A8D7CAC002E2179 /* Info.plist */ = {isa = PBXFileReference; lastKnownFileType = text.plist.xml; path = Info.plist; sourceTree = "<group>"; };
		658B8C601A8D7CAC002E2179 /* main.m */ = {isa = PBXFileReference; lastKnownFileType = sourcecode.c.objc; path = main.m; sourceTree = "<group>"; };
		658B8C621A8D7CAC002E2179 /* AppDelegate.h */ = {isa = PBXFileReference; lastKnownFileType = sourcecode.c.h; path = AppDelegate.h; sourceTree = "<group>"; };
		658B8C631A8D7CAC002E2179 /* AppDelegate.m */ = {isa = PBXFileReference; lastKnownFileType = sourcecode.c.objc; path = AppDelegate.m; sourceTree = "<group>"; };
		658B8C661A8D7CAC002E2179 /* SignalEaze.xcdatamodel */ = {isa = PBXFileReference; lastKnownFileType = wrapper.xcdatamodel; path = SignalEaze.xcdatamodel; sourceTree = "<group>"; };
		658B8C681A8D7CAC002E2179 /* ViewController.h */ = {isa = PBXFileReference; lastKnownFileType = sourcecode.c.h; path = ViewController.h; sourceTree = "<group>"; };
		658B8C691A8D7CAC002E2179 /* ViewController.m */ = {isa = PBXFileReference; lastKnownFileType = sourcecode.c.objc; path = ViewController.m; sourceTree = "<group>"; };
		658B8C6C1A8D7CAC002E2179 /* Base */ = {isa = PBXFileReference; lastKnownFileType = file.storyboard; name = Base; path = Base.lproj/Main.storyboard; sourceTree = "<group>"; };
		658B8C6E1A8D7CAC002E2179 /* Images.xcassets */ = {isa = PBXFileReference; lastKnownFileType = folder.assetcatalog; path = Images.xcassets; sourceTree = "<group>"; };
		658B8C711A8D7CAC002E2179 /* Base */ = {isa = PBXFileReference; lastKnownFileType = file.xib; name = Base; path = Base.lproj/LaunchScreen.xib; sourceTree = "<group>"; };
		658B8C771A8D7CAC002E2179 /* SignalEazeTests.xctest */ = {isa = PBXFileReference; explicitFileType = wrapper.cfbundle; includeInIndex = 0; path = SignalEazeTests.xctest; sourceTree = BUILT_PRODUCTS_DIR; };
		658B8C7C1A8D7CAC002E2179 /* Info.plist */ = {isa = PBXFileReference; lastKnownFileType = text.plist.xml; path = Info.plist; sourceTree = "<group>"; };
		658B8C7D1A8D7CAC002E2179 /* SignalEazeTests.m */ = {isa = PBXFileReference; lastKnownFileType = sourcecode.c.objc; path = SignalEazeTests.m; sourceTree = "<group>"; };
		658B8C871A8D7D8B002E2179 /* SEGaugeCurveView.h */ = {isa = PBXFileReference; fileEncoding = 4; lastKnownFileType = sourcecode.c.h; path = SEGaugeCurveView.h; sourceTree = "<group>"; };
		658B8C881A8D7D8B002E2179 /* SEGaugeCurveView.m */ = {isa = PBXFileReference; fileEncoding = 4; lastKnownFileType = sourcecode.c.objc; path = SEGaugeCurveView.m; sourceTree = "<group>"; };
		65B3EE981AA26F4700C9E159 /* MainViewController.h */ = {isa = PBXFileReference; fileEncoding = 4; lastKnownFileType = sourcecode.c.h; path = MainViewController.h; sourceTree = "<group>"; };
		65B3EE991AA26F4700C9E159 /* MainViewController.m */ = {isa = PBXFileReference; fileEncoding = 4; lastKnownFileType = sourcecode.c.objc; path = MainViewController.m; sourceTree = "<group>"; };
		65B3EE9D1AA2702B00C9E159 /* GaugeValues.plist */ = {isa = PBXFileReference; fileEncoding = 4; lastKnownFileType = text.plist.xml; path = GaugeValues.plist; sourceTree = "<group>"; };
		65D3970D1A8FA3A000F9C708 /* TickMarkView.h */ = {isa = PBXFileReference; fileEncoding = 4; lastKnownFileType = sourcecode.c.h; path = TickMarkView.h; sourceTree = "<group>"; };
		65D3970E1A8FA3A000F9C708 /* TickMarkView.m */ = {isa = PBXFileReference; fileEncoding = 4; lastKnownFileType = sourcecode.c.objc; path = TickMarkView.m; sourceTree = "<group>"; };
/* End PBXFileReference section */

/* Begin PBXFrameworksBuildPhase section */
		658B8C581A8D7CAC002E2179 /* Frameworks */ = {
			isa = PBXFrameworksBuildPhase;
			buildActionMask = 2147483647;
			files = (
			);
			runOnlyForDeploymentPostprocessing = 0;
		};
		658B8C741A8D7CAC002E2179 /* Frameworks */ = {
			isa = PBXFrameworksBuildPhase;
			buildActionMask = 2147483647;
			files = (
			);
			runOnlyForDeploymentPostprocessing = 0;
		};
/* End PBXFrameworksBuildPhase section */

/* Begin PBXGroup section */
		658B8C521A8D7CAC002E2179 = {
			isa = PBXGroup;
			children = (
				658B8C5D1A8D7CAC002E2179 /* SignalEaze */,
				658B8C7A1A8D7CAC002E2179 /* SignalEazeTests */,
				658B8C5C1A8D7CAC002E2179 /* Products */,
			);
			sourceTree = "<group>";
		};
		658B8C5C1A8D7CAC002E2179 /* Products */ = {
			isa = PBXGroup;
			children = (
				658B8C5B1A8D7CAC002E2179 /* SignalEaze.app */,
				658B8C771A8D7CAC002E2179 /* SignalEazeTests.xctest */,
			);
			name = Products;
			sourceTree = "<group>";
		};
		658B8C5D1A8D7CAC002E2179 /* SignalEaze */ = {
			isa = PBXGroup;
			children = (
				65B3EE9D1AA2702B00C9E159 /* GaugeValues.plist */,
				65B3EE981AA26F4700C9E159 /* MainViewController.h */,
				65B3EE991AA26F4700C9E159 /* MainViewController.m */,
				654E90291A9E2D7900547288 /* SEGaugeViewController.h */,
				654E902A1A9E2D7900547288 /* SEGaugeViewController.m */,
				654E90231A9D1ABA00547288 /* SESegment.h */,
				654E90241A9D1ABA00547288 /* SESegment.m */,
				65D3970D1A8FA3A000F9C708 /* TickMarkView.h */,
				65D3970E1A8FA3A000F9C708 /* TickMarkView.m */,
				658B8C621A8D7CAC002E2179 /* AppDelegate.h */,
				658B8C631A8D7CAC002E2179 /* AppDelegate.m */,
				658B8C871A8D7D8B002E2179 /* SEGaugeCurveView.h */,
				658B8C881A8D7D8B002E2179 /* SEGaugeCurveView.m */,
				654017091AA29EB700182145 /* SEGaugeCircleView.h */,
				6540170A1AA29EB700182145 /* SEGaugeCircleView.m */,
				654017061AA29C9700182145 /* SEGaugeView.h */,
				654017071AA29C9700182145 /* SEGaugeView.m */,
				658B8C681A8D7CAC002E2179 /* ViewController.h */,
				658B8C691A8D7CAC002E2179 /* ViewController.m */,
				658B8C6B1A8D7CAC002E2179 /* Main.storyboard */,
				654E90261A9E0C2B00547288 /* SENeedleView.h */,
				654E90271A9E0C2B00547288 /* SENeedleView.m */,
				658B8C6E1A8D7CAC002E2179 /* Images.xcassets */,
				658B8C701A8D7CAC002E2179 /* LaunchScreen.xib */,
				658B8C651A8D7CAC002E2179 /* SignalEaze.xcdatamodeld */,
				658B8C5E1A8D7CAC002E2179 /* Supporting Files */,
			);
			path = SignalEaze;
			sourceTree = "<group>";
		};
		658B8C5E1A8D7CAC002E2179 /* Supporting Files */ = {
			isa = PBXGroup;
			children = (
				658B8C5F1A8D7CAC002E2179 /* Info.plist */,
				658B8C601A8D7CAC002E2179 /* main.m */,
			);
			name = "Supporting Files";
			sourceTree = "<group>";
		};
		658B8C7A1A8D7CAC002E2179 /* SignalEazeTests */ = {
			isa = PBXGroup;
			children = (
				658B8C7D1A8D7CAC002E2179 /* SignalEazeTests.m */,
				658B8C7B1A8D7CAC002E2179 /* Supporting Files */,
			);
			path = SignalEazeTests;
			sourceTree = "<group>";
		};
		658B8C7B1A8D7CAC002E2179 /* Supporting Files */ = {
			isa = PBXGroup;
			children = (
				658B8C7C1A8D7CAC002E2179 /* Info.plist */,
			);
			name = "Supporting Files";
			sourceTree = "<group>";
		};
/* End PBXGroup section */

/* Begin PBXNativeTarget section */
		658B8C5A1A8D7CAC002E2179 /* SignalEaze */ = {
			isa = PBXNativeTarget;
			buildConfigurationList = 658B8C811A8D7CAC002E2179 /* Build configuration list for PBXNativeTarget "SignalEaze" */;
			buildPhases = (
				658B8C571A8D7CAC002E2179 /* Sources */,
				658B8C581A8D7CAC002E2179 /* Frameworks */,
				658B8C591A8D7CAC002E2179 /* Resources */,
			);
			buildRules = (
			);
			dependencies = (
			);
			name = SignalEaze;
			productName = SignalEaze;
			productReference = 658B8C5B1A8D7CAC002E2179 /* SignalEaze.app */;
			productType = "com.apple.product-type.application";
		};
		658B8C761A8D7CAC002E2179 /* SignalEazeTests */ = {
			isa = PBXNativeTarget;
			buildConfigurationList = 658B8C841A8D7CAC002E2179 /* Build configuration list for PBXNativeTarget "SignalEazeTests" */;
			buildPhases = (
				658B8C731A8D7CAC002E2179 /* Sources */,
				658B8C741A8D7CAC002E2179 /* Frameworks */,
				658B8C751A8D7CAC002E2179 /* Resources */,
			);
			buildRules = (
			);
			dependencies = (
				658B8C791A8D7CAC002E2179 /* PBXTargetDependency */,
			);
			name = SignalEazeTests;
			productName = SignalEazeTests;
			productReference = 658B8C771A8D7CAC002E2179 /* SignalEazeTests.xctest */;
			productType = "com.apple.product-type.bundle.unit-test";
		};
/* End PBXNativeTarget section */

/* Begin PBXProject section */
		658B8C531A8D7CAC002E2179 /* Project object */ = {
			isa = PBXProject;
			attributes = {
				LastUpgradeCheck = 0610;
				ORGANIZATIONNAME = "Andre Green";
				TargetAttributes = {
					658B8C5A1A8D7CAC002E2179 = {
						CreatedOnToolsVersion = 6.1.1;
						DevelopmentTeam = MRV65XK5WT;
					};
					658B8C761A8D7CAC002E2179 = {
						CreatedOnToolsVersion = 6.1.1;
						TestTargetID = 658B8C5A1A8D7CAC002E2179;
					};
				};
			};
			buildConfigurationList = 658B8C561A8D7CAC002E2179 /* Build configuration list for PBXProject "SignalEaze" */;
			compatibilityVersion = "Xcode 3.2";
			developmentRegion = English;
			hasScannedForEncodings = 0;
			knownRegions = (
				en,
				Base,
			);
			mainGroup = 658B8C521A8D7CAC002E2179;
			productRefGroup = 658B8C5C1A8D7CAC002E2179 /* Products */;
			projectDirPath = "";
			projectRoot = "";
			targets = (
				658B8C5A1A8D7CAC002E2179 /* SignalEaze */,
				658B8C761A8D7CAC002E2179 /* SignalEazeTests */,
			);
		};
/* End PBXProject section */

/* Begin PBXResourcesBuildPhase section */
		658B8C591A8D7CAC002E2179 /* Resources */ = {
			isa = PBXResourcesBuildPhase;
			buildActionMask = 2147483647;
			files = (
				65B3EE9E1AA2702B00C9E159 /* GaugeValues.plist in Resources */,
				658B8C6D1A8D7CAC002E2179 /* Main.storyboard in Resources */,
				658B8C721A8D7CAC002E2179 /* LaunchScreen.xib in Resources */,
				658B8C6F1A8D7CAC002E2179 /* Images.xcassets in Resources */,
			);
			runOnlyForDeploymentPostprocessing = 0;
		};
		658B8C751A8D7CAC002E2179 /* Resources */ = {
			isa = PBXResourcesBuildPhase;
			buildActionMask = 2147483647;
			files = (
			);
			runOnlyForDeploymentPostprocessing = 0;
		};
/* End PBXResourcesBuildPhase section */

/* Begin PBXSourcesBuildPhase section */
		658B8C571A8D7CAC002E2179 /* Sources */ = {
			isa = PBXSourcesBuildPhase;
			buildActionMask = 2147483647;
			files = (
				654E90281A9E0C2B00547288 /* SENeedleView.m in Sources */,
				658B8C641A8D7CAC002E2179 /* AppDelegate.m in Sources */,
				654E90251A9D1ABA00547288 /* SESegment.m in Sources */,
				654017081AA29C9700182145 /* SEGaugeView.m in Sources */,
				65B3EE9A1AA26F4700C9E159 /* MainViewController.m in Sources */,
				658B8C671A8D7CAC002E2179 /* SignalEaze.xcdatamodeld in Sources */,
				65D3970F1A8FA3A000F9C708 /* TickMarkView.m in Sources */,
				658B8C6A1A8D7CAC002E2179 /* ViewController.m in Sources */,
				6540170B1AA29EB700182145 /* SEGaugeCircleView.m in Sources */,
				658B8C611A8D7CAC002E2179 /* main.m in Sources */,
				658B8C891A8D7D8B002E2179 /* SEGaugeCurveView.m in Sources */,
				654E902B1A9E2D7900547288 /* SEGaugeViewController.m in Sources */,
			);
			runOnlyForDeploymentPostprocessing = 0;
		};
		658B8C731A8D7CAC002E2179 /* Sources */ = {
			isa = PBXSourcesBuildPhase;
			buildActionMask = 2147483647;
			files = (
				658B8C7E1A8D7CAC002E2179 /* SignalEazeTests.m in Sources */,
			);
			runOnlyForDeploymentPostprocessing = 0;
		};
/* End PBXSourcesBuildPhase section */

/* Begin PBXTargetDependency section */
		658B8C791A8D7CAC002E2179 /* PBXTargetDependency */ = {
			isa = PBXTargetDependency;
			target = 658B8C5A1A8D7CAC002E2179 /* SignalEaze */;
			targetProxy = 658B8C781A8D7CAC002E2179 /* PBXContainerItemProxy */;
		};
/* End PBXTargetDependency section */

/* Begin PBXVariantGroup section */
		658B8C6B1A8D7CAC002E2179 /* Main.storyboard */ = {
			isa = PBXVariantGroup;
			children = (
				658B8C6C1A8D7CAC002E2179 /* Base */,
			);
			name = Main.storyboard;
			sourceTree = "<group>";
		};
		658B8C701A8D7CAC002E2179 /* LaunchScreen.xib */ = {
			isa = PBXVariantGroup;
			children = (
				658B8C711A8D7CAC002E2179 /* Base */,
			);
			name = LaunchScreen.xib;
			sourceTree = "<group>";
		};
/* End PBXVariantGroup section */

/* Begin XCBuildConfiguration section */
		658B8C7F1A8D7CAC002E2179 /* Debug */ = {
			isa = XCBuildConfiguration;
			buildSettings = {
				ALWAYS_SEARCH_USER_PATHS = NO;
				CLANG_CXX_LANGUAGE_STANDARD = "gnu++0x";
				CLANG_CXX_LIBRARY = "libc++";
				CLANG_ENABLE_MODULES = YES;
				CLANG_ENABLE_OBJC_ARC = YES;
				CLANG_WARN_BOOL_CONVERSION = YES;
				CLANG_WARN_CONSTANT_CONVERSION = YES;
				CLANG_WARN_DIRECT_OBJC_ISA_USAGE = YES_ERROR;
				CLANG_WARN_EMPTY_BODY = YES;
				CLANG_WARN_ENUM_CONVERSION = YES;
				CLANG_WARN_INT_CONVERSION = YES;
				CLANG_WARN_OBJC_ROOT_CLASS = YES_ERROR;
				CLANG_WARN_UNREACHABLE_CODE = YES;
				CLANG_WARN__DUPLICATE_METHOD_MATCH = YES;
				CODE_SIGN_IDENTITY = "iPhone Developer";
				"CODE_SIGN_IDENTITY[sdk=iphoneos*]" = "iPhone Developer";
				COPY_PHASE_STRIP = NO;
				ENABLE_STRICT_OBJC_MSGSEND = YES;
				GCC_C_LANGUAGE_STANDARD = gnu99;
				GCC_DYNAMIC_NO_PIC = NO;
				GCC_OPTIMIZATION_LEVEL = 0;
				GCC_PREPROCESSOR_DEFINITIONS = (
					"DEBUG=1",
					"$(inherited)",
				);
				GCC_SYMBOLS_PRIVATE_EXTERN = NO;
				GCC_WARN_64_TO_32_BIT_CONVERSION = YES;
				GCC_WARN_ABOUT_RETURN_TYPE = YES_ERROR;
				GCC_WARN_UNDECLARED_SELECTOR = YES;
				GCC_WARN_UNINITIALIZED_AUTOS = YES_AGGRESSIVE;
				GCC_WARN_UNUSED_FUNCTION = YES;
				GCC_WARN_UNUSED_VARIABLE = YES;
				IPHONEOS_DEPLOYMENT_TARGET = 8.1;
				MTL_ENABLE_DEBUG_INFO = YES;
				ONLY_ACTIVE_ARCH = YES;
				SDKROOT = iphoneos;
			};
			name = Debug;
		};
		658B8C801A8D7CAC002E2179 /* Release */ = {
			isa = XCBuildConfiguration;
			buildSettings = {
				ALWAYS_SEARCH_USER_PATHS = NO;
				CLANG_CXX_LANGUAGE_STANDARD = "gnu++0x";
				CLANG_CXX_LIBRARY = "libc++";
				CLANG_ENABLE_MODULES = YES;
				CLANG_ENABLE_OBJC_ARC = YES;
				CLANG_WARN_BOOL_CONVERSION = YES;
				CLANG_WARN_CONSTANT_CONVERSION = YES;
				CLANG_WARN_DIRECT_OBJC_ISA_USAGE = YES_ERROR;
				CLANG_WARN_EMPTY_BODY = YES;
				CLANG_WARN_ENUM_CONVERSION = YES;
				CLANG_WARN_INT_CONVERSION = YES;
				CLANG_WARN_OBJC_ROOT_CLASS = YES_ERROR;
				CLANG_WARN_UNREACHABLE_CODE = YES;
				CLANG_WARN__DUPLICATE_METHOD_MATCH = YES;
				CODE_SIGN_IDENTITY = "iPhone Distribution";
				"CODE_SIGN_IDENTITY[sdk=iphoneos*]" = "iPhone Developer";
				COPY_PHASE_STRIP = YES;
				ENABLE_NS_ASSERTIONS = NO;
				ENABLE_STRICT_OBJC_MSGSEND = YES;
				GCC_C_LANGUAGE_STANDARD = gnu99;
				GCC_WARN_64_TO_32_BIT_CONVERSION = YES;
				GCC_WARN_ABOUT_RETURN_TYPE = YES_ERROR;
				GCC_WARN_UNDECLARED_SELECTOR = YES;
				GCC_WARN_UNINITIALIZED_AUTOS = YES_AGGRESSIVE;
				GCC_WARN_UNUSED_FUNCTION = YES;
				GCC_WARN_UNUSED_VARIABLE = YES;
				IPHONEOS_DEPLOYMENT_TARGET = 8.1;
				MTL_ENABLE_DEBUG_INFO = NO;
				SDKROOT = iphoneos;
				VALIDATE_PRODUCT = YES;
			};
			name = Release;
		};
		658B8C821A8D7CAC002E2179 /* Debug */ = {
			isa = XCBuildConfiguration;
			buildSettings = {
				ASSETCATALOG_COMPILER_APPICON_NAME = AppIcon;
				CODE_SIGN_IDENTITY = "iPhone Developer";
				"CODE_SIGN_IDENTITY[sdk=iphoneos*]" = "iPhone Developer";
				INFOPLIST_FILE = SignalEaze/Info.plist;
				IPHONEOS_DEPLOYMENT_TARGET = 7.0;
				LD_RUNPATH_SEARCH_PATHS = "$(inherited) @executable_path/Frameworks";
				PRODUCT_NAME = "$(TARGET_NAME)";
				PROVISIONING_PROFILE = "";
				TARGETED_DEVICE_FAMILY = "1,2";
			};
			name = Debug;
		};
		658B8C831A8D7CAC002E2179 /* Release */ = {
			isa = XCBuildConfiguration;
			buildSettings = {
				ASSETCATALOG_COMPILER_APPICON_NAME = AppIcon;
				CODE_SIGN_IDENTITY = "iPhone Developer";
				"CODE_SIGN_IDENTITY[sdk=iphoneos*]" = "iPhone Developer";
				INFOPLIST_FILE = SignalEaze/Info.plist;
				IPHONEOS_DEPLOYMENT_TARGET = 7.0;
				LD_RUNPATH_SEARCH_PATHS = "$(inherited) @executable_path/Frameworks";
				PRODUCT_NAME = "$(TARGET_NAME)";
				PROVISIONING_PROFILE = "";
				TARGETED_DEVICE_FAMILY = "1,2";
			};
			name = Release;
		};
		658B8C851A8D7CAC002E2179 /* Debug */ = {
			isa = XCBuildConfiguration;
			buildSettings = {
				BUNDLE_LOADER = "$(TEST_HOST)";
				FRAMEWORK_SEARCH_PATHS = (
					"$(SDKROOT)/Developer/Library/Frameworks",
					"$(inherited)",
				);
				GCC_PREPROCESSOR_DEFINITIONS = (
					"DEBUG=1",
					"$(inherited)",
				);
				INFOPLIST_FILE = SignalEazeTests/Info.plist;
				LD_RUNPATH_SEARCH_PATHS = "$(inherited) @executable_path/Frameworks @loader_path/Frameworks";
				PRODUCT_NAME = "$(TARGET_NAME)";
				TEST_HOST = "$(BUILT_PRODUCTS_DIR)/SignalEaze.app/SignalEaze";
			};
			name = Debug;
		};
		658B8C861A8D7CAC002E2179 /* Release */ = {
			isa = XCBuildConfiguration;
			buildSettings = {
				BUNDLE_LOADER = "$(TEST_HOST)";
				FRAMEWORK_SEARCH_PATHS = (
					"$(SDKROOT)/Developer/Library/Frameworks",
					"$(inherited)",
				);
				INFOPLIST_FILE = SignalEazeTests/Info.plist;
				LD_RUNPATH_SEARCH_PATHS = "$(inherited) @executable_path/Frameworks @loader_path/Frameworks";
				PRODUCT_NAME = "$(TARGET_NAME)";
				TEST_HOST = "$(BUILT_PRODUCTS_DIR)/SignalEaze.app/SignalEaze";
			};
			name = Release;
		};
/* End XCBuildConfiguration section */

/* Begin XCConfigurationList section */
		658B8C561A8D7CAC002E2179 /* Build configuration list for PBXProject "SignalEaze" */ = {
			isa = XCConfigurationList;
			buildConfigurations = (
				658B8C7F1A8D7CAC002E2179 /* Debug */,
				658B8C801A8D7CAC002E2179 /* Release */,
			);
			defaultConfigurationIsVisible = 0;
			defaultConfigurationName = Release;
		};
		658B8C811A8D7CAC002E2179 /* Build configuration list for PBXNativeTarget "SignalEaze" */ = {
			isa = XCConfigurationList;
			buildConfigurations = (
				658B8C821A8D7CAC002E2179 /* Debug */,
				658B8C831A8D7CAC002E2179 /* Release */,
			);
			defaultConfigurationIsVisible = 0;
			defaultConfigurationName = Release;
		};
		658B8C841A8D7CAC002E2179 /* Build configuration list for PBXNativeTarget "SignalEazeTests" */ = {
			isa = XCConfigurationList;
			buildConfigurations = (
				658B8C851A8D7CAC002E2179 /* Debug */,
				658B8C861A8D7CAC002E2179 /* Release */,
			);
			defaultConfigurationIsVisible = 0;
			defaultConfigurationName = Release;
		};
/* End XCConfigurationList section */

/* Begin XCVersionGroup section */
		658B8C651A8D7CAC002E2179 /* SignalEaze.xcdatamodeld */ = {
			isa = XCVersionGroup;
			children = (
				658B8C661A8D7CAC002E2179 /* SignalEaze.xcdatamodel */,
			);
			currentVersion = 658B8C661A8D7CAC002E2179 /* SignalEaze.xcdatamodel */;
			path = SignalEaze.xcdatamodeld;
			sourceTree = "<group>";
			versionGroupType = wrapper.xcdatamodel;
		};
/* End XCVersionGroup section */
	};
	rootObject = 658B8C531A8D7CAC002E2179 /* Project object */;
}
